
Microsoft Visual Studio Solution File, Format Version 11.00
# Visual Studio 2010
Project("{FAE04EC0-301F-11D3-BF4B-00C04F79EFBC}") = "Assembly-CSharp", "Assembly-CSharp.csproj", "{6164119E-6670-C259-36F1-F9531EE811C7}"
EndProject
Project("{FAE04EC0-301F-11D3-BF4B-00C04F79EFBC}") = "Assembly-CSharp-Editor", "Assembly-CSharp-Editor.csproj", "{407F3F4B-E89C-32E7-6A1D-9E38DE876270}"
EndProject
Global
	GlobalSection(SolutionConfigurationPlatforms) = preSolution
		Debug|Any CPU = Debug|Any CPU
		Release|Any CPU = Release|Any CPU
	EndGlobalSection
	GlobalSection(ProjectConfigurationPlatforms) = postSolution
		{6164119E-6670-C259-36F1-F9531EE811C7}.Debug|Any CPU.ActiveCfg = Debug|Any CPU
		{6164119E-6670-C259-36F1-F9531EE811C7}.Debug|Any CPU.Build.0 = Debug|Any CPU
		{6164119E-6670-C259-36F1-F9531EE811C7}.Release|Any CPU.ActiveCfg = Release|Any CPU
		{6164119E-6670-C259-36F1-F9531EE811C7}.Release|Any CPU.Build.0 = Release|Any CPU
		{407F3F4B-E89C-32E7-6A1D-9E38DE876270}.Debug|Any CPU.ActiveCfg = Debug|Any CPU
		{407F3F4B-E89C-32E7-6A1D-9E38DE876270}.Debug|Any CPU.Build.0 = Debug|Any CPU
		{407F3F4B-E89C-32E7-6A1D-9E38DE876270}.Release|Any CPU.ActiveCfg = Release|Any CPU
		{407F3F4B-E89C-32E7-6A1D-9E38DE876270}.Release|Any CPU.Build.0 = Release|Any CPU
	EndGlobalSection
	GlobalSection(SolutionProperties) = preSolution
		HideSolutionNode = FALSE
	EndGlobalSection
	GlobalSection(MonoDevelopProperties) = preSolution
		StartupItem = Assembly-CSharp.csproj
	EndGlobalSection
EndGlobal
